
Microsoft Visual Studio Solution File, Format Version 12.00
Project("{FAE04EC0-301F-11D3-BF4B-00C04F79EFBC}") = "FamilyManagementRestApi", "FamilyManagementRestApi\FamilyManagementRestApi.csproj", "{2AEFBCA8-1CF2-4EE2-9756-2E52F0A6D988}"
EndProject
Global
	GlobalSection(SolutionConfigurationPlatforms) = preSolution
		Debug|Any CPU = Debug|Any CPU
		Release|Any CPU = Release|Any CPU
	EndGlobalSection
	GlobalSection(ProjectConfigurationPlatforms) = postSolution
		{2AEFBCA8-1CF2-4EE2-9756-2E52F0A6D988}.Debug|Any CPU.ActiveCfg = Debug|Any CPU
		{2AEFBCA8-1CF2-4EE2-9756-2E52F0A6D988}.Debug|Any CPU.Build.0 = Debug|Any CPU
		{2AEFBCA8-1CF2-4EE2-9756-2E52F0A6D988}.Release|Any CPU.ActiveCfg = Release|Any CPU
		{2AEFBCA8-1CF2-4EE2-9756-2E52F0A6D988}.Release|Any CPU.Build.0 = Release|Any CPU
	EndGlobalSection
EndGlobal
